lockfileVersion: 5.4

specifiers:
  '@biomejs/biome': ^1.9.4
  '@rsbuild/core': ^1.3.1
  '@rsbuild/plugin-react': ^1.1.1
  '@types/react': ^19.1.0
  '@types/react-dom': ^19.1.1
  prettier: ^3.5.3
  react: ^19.1.0
  react-dom: ^19.1.0
  typescript: ^5.8.2

dependencies:
  react: 19.1.0
  react-dom: 19.1.0_react@19.1.0

devDependencies:
  '@biomejs/biome': 1.9.4
  '@rsbuild/core': 1.3.8
  '@rsbuild/plugin-react': 1.2.0_@rsbuild+core@1.3.8
  '@types/react': 19.1.2
  '@types/react-dom': 19.1.2_@types+react@19.1.2
  prettier: 3.5.3
  typescript: 5.8.3

packages:

  /@biomejs/biome/1.9.4:
    resolution: {integrity: sha512-1rkd7G70+o9KkTn5KLmDYXihGoTaIGO9PIIN2ZB7UJxFrWw04CZHPYiMRjYsaDvVV7hP1dYNRLxSANLaBFGpog==}
    engines: {node: '>=14.21.3'}
    hasBin: true
    requiresBuild: true
    optionalDependencies:
      '@biomejs/cli-darwin-arm64': 1.9.4
      '@biomejs/cli-darwin-x64': 1.9.4
      '@biomejs/cli-linux-arm64': 1.9.4
      '@biomejs/cli-linux-arm64-musl': 1.9.4
      '@biomejs/cli-linux-x64': 1.9.4
      '@biomejs/cli-linux-x64-musl': 1.9.4
      '@biomejs/cli-win32-arm64': 1.9.4
      '@biomejs/cli-win32-x64': 1.9.4
    dev: true

  /@biomejs/cli-darwin-arm64/1.9.4:
    resolution: {integrity: sha512-bFBsPWrNvkdKrNCYeAp+xo2HecOGPAy9WyNyB/jKnnedgzl4W4Hb9ZMzYNbf8dMCGmUdSavlYHiR01QaYR58cw==}
    engines: {node: '>=14.21.3'}
    cpu: [arm64]
    os: [darwin]
    requiresBuild: true
    dev: true
    optional: true

  /@biomejs/cli-darwin-x64/1.9.4:
    resolution: {integrity: sha512-ngYBh/+bEedqkSevPVhLP4QfVPCpb+4BBe2p7Xs32dBgs7rh9nY2AIYUL6BgLw1JVXV8GlpKmb/hNiuIxfPfZg==}
    engines: {node: '>=14.21.3'}
    cpu: [x64]
    os: [darwin]
    requiresBuild: true
    dev: true
    optional: true

  /@biomejs/cli-linux-arm64-musl/1.9.4:
    resolution: {integrity: sha512-v665Ct9WCRjGa8+kTr0CzApU0+XXtRgwmzIf1SeKSGAv+2scAlW6JR5PMFo6FzqqZ64Po79cKODKf3/AAmECqA==}
    engines: {node: '>=14.21.3'}
    cpu: [arm64]
    os: [linux]
    libc: [musl]
    requiresBuild: true
    dev: true
    optional: true

  /@biomejs/cli-linux-arm64/1.9.4:
    resolution: {integrity: sha512-fJIW0+LYujdjUgJJuwesP4EjIBl/N/TcOX3IvIHJQNsAqvV2CHIogsmA94BPG6jZATS4Hi+xv4SkBBQSt1N4/g==}
    engines: {node: '>=14.21.3'}
    cpu: [arm64]
    os: [linux]
    libc: [glibc]
    requiresBuild: true
    dev: true
    optional: true

  /@biomejs/cli-linux-x64-musl/1.9.4:
    resolution: {integrity: sha512-gEhi/jSBhZ2m6wjV530Yy8+fNqG8PAinM3oV7CyO+6c3CEh16Eizm21uHVsyVBEB6RIM8JHIl6AGYCv6Q6Q9Tg==}
    engines: {node: '>=14.21.3'}
    cpu: [x64]
    os: [linux]
    libc: [musl]
    requiresBuild: true
    dev: true
    optional: true

  /@biomejs/cli-linux-x64/1.9.4:
    resolution: {integrity: sha512-lRCJv/Vi3Vlwmbd6K+oQ0KhLHMAysN8lXoCI7XeHlxaajk06u7G+UsFSO01NAs5iYuWKmVZjmiOzJ0OJmGsMwg==}
    engines: {node: '>=14.21.3'}
    cpu: [x64]
    os: [linux]
    libc: [glibc]
    requiresBuild: true
    dev: true
    optional: true

  /@biomejs/cli-win32-arm64/1.9.4:
    resolution: {integrity: sha512-tlbhLk+WXZmgwoIKwHIHEBZUwxml7bRJgk0X2sPyNR3S93cdRq6XulAZRQJ17FYGGzWne0fgrXBKpl7l4M87Hg==}
    engines: {node: '>=14.21.3'}
    cpu: [arm64]
    os: [win32]
    requiresBuild: true
    dev: true
    optional: true

  /@biomejs/cli-win32-x64/1.9.4:
    resolution: {integrity: sha512-8Y5wMhVIPaWe6jw2H+KlEm4wP/f7EW3810ZLmDlrEEy5KvBsb9ECEfu/kMWD484ijfQ8+nIi0giMgu9g1UAuuA==}
    engines: {node: '>=14.21.3'}
    cpu: [x64]
    os: [win32]
    requiresBuild: true
    dev: true
    optional: true

  /@module-federation/error-codes/0.11.2:
    resolution: {integrity: sha512-ik1Qnn0I+WyEdprTck9WGlH41vGsVdUg8cfO+ZM02qOb2cZm5Vu3SlxGAobj6g7uAj0g8yINnd7h7Dci40BxQA==}
    dev: true

  /@module-federation/runtime-core/0.11.2:
    resolution: {integrity: sha512-dia5kKybi6MFU0s5PgglJwN27k7n9Sf69Cy5xZ4BWaP0qlaXTsxHKO0PECHNt2Pt8jDdyU29sQ4DwAQfxpnXJQ==}
    dependencies:
      '@module-federation/error-codes': 0.11.2
      '@module-federation/sdk': 0.11.2
    dev: true

  /@module-federation/runtime-tools/0.11.2:
    resolution: {integrity: sha512-4MJTGAxVq6vxQRkTtTlH7Mm9AVqgn0X9kdu+7RsL7T/qU+jeYsbrntN2CWG3GVVA8r5JddXyTI1iJ0VXQZLV1w==}
    dependencies:
      '@module-federation/runtime': 0.11.2
      '@module-federation/webpack-bundler-runtime': 0.11.2
    dev: true

  /@module-federation/runtime/0.11.2:
    resolution: {integrity: sha512-Ya9u/L6z2LvhgpqxuKCB7LcigIIRf1BbaxAZIH7mzbq/A7rZtTP7v+73E433jvgiAlbAfPSZkeoYGele6hfRwA==}
    dependencies:
      '@module-federation/error-codes': 0.11.2
      '@module-federation/runtime-core': 0.11.2
      '@module-federation/sdk': 0.11.2
    dev: true

  /@module-federation/sdk/0.11.2:
    resolution: {integrity: sha512-SBFe5xOamluT900J4AGBx+2/kCH/JbfqXoUwPSAC6PRzb8Y7LB0posnOGzmqYsLZXT37vp3d6AmJDsVoajDqxw==}
    dev: true

  /@module-federation/webpack-bundler-runtime/0.11.2:
    resolution: {integrity: sha512-WdwIE6QF+MKs/PdVu0cKPETF743JB9PZ62/qf7Uo3gU4fjsUMc37RnbJZ/qB60EaHHfjwp1v6NnhZw1r4eVsnw==}
    dependencies:
      '@module-federation/runtime': 0.11.2
      '@module-federation/sdk': 0.11.2
    dev: true

  /@rsbuild/core/1.3.8:
    resolution: {integrity: sha512-J3WfY7XH5RRswfXFFUYizhrsEe/ueufALBSYfNyXpDnzTWgO/NGcjtB7iRgOsXs5z1WLRBMukiFUdDFf0iTcMQ==}
    engines: {node: '>=16.10.0'}
    hasBin: true
    dependencies:
      '@rspack/core': 1.3.5_@swc+helpers@0.5.17
      '@rspack/lite-tapable': 1.0.1
      '@swc/helpers': 0.5.17
      core-js: 3.41.0
      jiti: 2.4.2
    transitivePeerDependencies:
      - '@rspack/tracing'
    dev: true

  /@rsbuild/plugin-react/1.2.0_@rsbuild+core@1.3.8:
    resolution: {integrity: sha512-TXd0cvcLPF7OrO215vlGSyRXD6Fc3KQWhFuXFKOtRYp+C1Vc9oeW0GopUIStv2pI2/xtv2XX8GOAdJsnsc6lkA==}
    peerDependencies:
      '@rsbuild/core': 1.x
    dependencies:
      '@rsbuild/core': 1.3.8
      '@rspack/plugin-react-refresh': 1.2.1_react-refresh@0.17.0
      react-refresh: 0.17.0
    transitivePeerDependencies:
      - webpack-hot-middleware
    dev: true

  /@rspack/binding-darwin-arm64/1.3.5:
    resolution: {integrity: sha512-bhqi9nZ0jrlQc/YgTklzD02y0E8Emdrov6HLcxt/Dzwq5SZryl4Ik8yc/8E1M0PWNkr09+TO8i1Zc51z0Gfu2g==}
    cpu: [arm64]
    os: [darwin]
    requiresBuild: true
    dev: true
    optional: true

  /@rspack/binding-darwin-x64/1.3.5:
    resolution: {integrity: sha512-ysNn7bd/5NdVb0mTDBQl+D9GypCSS7FJoJJEeSpPcN01zFF8lRUsvdbOvzrG/CUBA2qbeWhwZvG2eKOy3p2NRA==}
    cpu: [x64]
    os: [darwin]
    requiresBuild: true
    dev: true
    optional: true

  /@rspack/binding-linux-arm64-gnu/1.3.5:
    resolution: {integrity: sha512-oEfPjYx3RVsMeHG/kI9k96nLJUQhYfQS9HUKS37Ko3RWC84qTuzMAAdWIXE9ys8GHwpks7pL953AfYNK5PLhPw==}
    cpu: [arm64]
    os: [linux]
    libc: [glibc]
    requiresBuild: true
    dev: true
    optional: true

  /@rspack/binding-linux-arm64-musl/1.3.5:
    resolution: {integrity: sha512-4cUoxd8nGsCCnqWBqortJRF+VKWzUm7ac9YRMQ+wpoL5i0abcQf8GqeilsNtRBRNqAlAh3mfgRlyeZgWvoS44g==}
    cpu: [arm64]
    os: [linux]
    libc: [musl]
    requiresBuild: true
    dev: true
    optional: true

  /@rspack/binding-linux-x64-gnu/1.3.5:
    resolution: {integrity: sha512-JehI/z61Y9wwkcTxbAdPtjUnAyyAUCJZOqP3FwQTAd2gBFG/8k7v1quGwrfOLsCLOcT3azbd8YFoHmkveGQayQ==}
    cpu: [x64]
    os: [linux]
    libc: [glibc]
    requiresBuild: true
    dev: true
    optional: true

  /@rspack/binding-linux-x64-musl/1.3.5:
    resolution: {integrity: sha512-t8BqaOXrqIXZHTrz4ItX/m6BOvbBkeb7qTewlkN5mMHtPAF/Xg203rQ814VXx59kjgGF7i79PXIK2dQxHnCYDA==}
    cpu: [x64]
    os: [linux]
    libc: [musl]
    requiresBuild: true
    dev: true
    optional: true

  /@rspack/binding-win32-arm64-msvc/1.3.5:
    resolution: {integrity: sha512-k9vf/WgEwxtXzV4la1H6eL07GIlvNjdPdvo1AJZdu0Zcnm600Kv5NSBjySJCp3zUHIKkCE9A0+ibifqbliG0fw==}
    cpu: [arm64]
    os: [win32]
    requiresBuild: true
    dev: true
    optional: true

  /@rspack/binding-win32-ia32-msvc/1.3.5:
    resolution: {integrity: sha512-dGfGJySHC/ktbNkK/FY2vEpFNK4UT+fgChhmUxIyQaHWjloFGVmEr6NttS0GtdtvblfF3tTzkTe9pGMIkdlegw==}
    cpu: [ia32]
    os: [win32]
    requiresBuild: true
    dev: true
    optional: true

  /@rspack/binding-win32-x64-msvc/1.3.5:
    resolution: {integrity: sha512-GujYFTr043jse5gdvofsRvltkH/E8G5h3Yu9JG/+6EyQpFJebYm/NpRQrOyqZLIQP39+tbdViTfW4nOpUuurNA==}
    cpu: [x64]
    os: [win32]
    requiresBuild: true
    dev: true
    optional: true

  /@rspack/binding/1.3.5:
    resolution: {integrity: sha512-2oluCT+iBnTg0w7XfR8AmfkvgMPSuqEndzhrlHY//qgyyI04CW1lCMgsh+9wcSOUWUKYSOMCiGiVlYFtae5Lcg==}
    optionalDependencies:
      '@rspack/binding-darwin-arm64': 1.3.5
      '@rspack/binding-darwin-x64': 1.3.5
      '@rspack/binding-linux-arm64-gnu': 1.3.5
      '@rspack/binding-linux-arm64-musl': 1.3.5
      '@rspack/binding-linux-x64-gnu': 1.3.5
      '@rspack/binding-linux-x64-musl': 1.3.5
      '@rspack/binding-win32-arm64-msvc': 1.3.5
      '@rspack/binding-win32-ia32-msvc': 1.3.5
      '@rspack/binding-win32-x64-msvc': 1.3.5
    dev: true

  /@rspack/core/1.3.5_@swc+helpers@0.5.17:
    resolution: {integrity: sha512-PwIpzXj9wjHM0Ohq6geIKPoh3yNb5oSK74gqzs0plR7pTYLbhrjG/1DSV/JLFF4C5WCpLHHiDEX5E0IYm2Aqeg==}
    engines: {node: '>=16.0.0'}
    peerDependencies:
      '@rspack/tracing': ^1.x
      '@swc/helpers': '>=0.5.1'
    peerDependenciesMeta:
      '@rspack/tracing':
        optional: true
      '@swc/helpers':
        optional: true
    dependencies:
      '@module-federation/runtime-tools': 0.11.2
      '@rspack/binding': 1.3.5
      '@rspack/lite-tapable': 1.0.1
      '@swc/helpers': 0.5.17
      caniuse-lite: 1.0.30001714
    dev: true

  /@rspack/lite-tapable/1.0.1:
    resolution: {integrity: sha512-VynGOEsVw2s8TAlLf/uESfrgfrq2+rcXB1muPJYBWbsm1Oa6r5qVQhjA5ggM6z/coYPrsVMgovl3Ff7Q7OCp1w==}
    engines: {node: '>=16.0.0'}
    dev: true

  /@rspack/plugin-react-refresh/1.2.1_react-refresh@0.17.0:
    resolution: {integrity: sha512-zqf81473NYGpp/D4BOC0jmszZS4WFUUBNPK6auQB0zHxyyBzSIW+KjXpeNqCyTROJPZvwPr/Z33LCumR0Vd4Pg==}
    peerDependencies:
      react-refresh: '>=0.10.0 <1.0.0'
      webpack-hot-middleware: 2.x
    peerDependenciesMeta:
      webpack-hot-middleware:
        optional: true
    dependencies:
      error-stack-parser: 2.1.4
      html-entities: 2.6.0
      react-refresh: 0.17.0
    dev: true

  /@swc/helpers/0.5.17:
    resolution: {integrity: sha512-5IKx/Y13RsYd+sauPb2x+U/xZikHjolzfuDgTAl/Tdf3Q8rslRvC19NKDLgAJQ6wsqADk10ntlv08nPFw/gO/A==}
    dependencies:
      tslib: 2.8.1
    dev: true

  /@types/react-dom/19.1.2_@types+react@19.1.2:
    resolution: {integrity: sha512-XGJkWF41Qq305SKWEILa1O8vzhb3aOo3ogBlSmiqNko/WmRb6QIaweuZCXjKygVDXpzXb5wyxKTSOsmkuqj+Qw==}
    peerDependencies:
      '@types/react': ^19.0.0
    dependencies:
      '@types/react': 19.1.2
    dev: true

  /@types/react/19.1.2:
    resolution: {integrity: sha512-oxLPMytKchWGbnQM9O7D67uPa9paTNxO7jVoNMXgkkErULBPhPARCfkKL9ytcIJJRGjbsVwW4ugJzyFFvm/Tiw==}
    dependencies:
      csstype: 3.1.3
    dev: true

  /caniuse-lite/1.0.30001714:
    resolution: {integrity: sha512-mtgapdwDLSSBnCI3JokHM7oEQBLxiJKVRtg10AxM1AyeiKcM96f0Mkbqeq+1AbiCtvMcHRulAAEMu693JrSWqg==}
    dev: true

  /core-js/3.41.0:
    resolution: {integrity: sha512-SJ4/EHwS36QMJd6h/Rg+GyR4A5xE0FSI3eZ+iBVpfqf1x0eTSg1smWLHrA+2jQThZSh97fmSgFSU8B61nxosxA==}
    requiresBuild: true
    dev: true

  /csstype/3.1.3:
    resolution: {integrity: sha512-M1uQkMl8rQK/szD0LNhtqxIPLpimGm8sOBwU7lLnCpSbTyY3yeU1Vc7l4KT5zT4s/yOxHH5O7tIuuLOCnLADRw==}
    dev: true

  /error-stack-parser/2.1.4:
    resolution: {integrity: sha512-Sk5V6wVazPhq5MhpO+AUxJn5x7XSXGl1R93Vn7i+zS15KDVxQijejNCrz8340/2bgLBjR9GtEG8ZVKONDjcqGQ==}
    dependencies:
      stackframe: 1.3.4
    dev: true

  /html-entities/2.6.0:
    resolution: {integrity: sha512-kig+rMn/QOVRvr7c86gQ8lWXq+Hkv6CbAH1hLu+RG338StTpE8Z0b44SDVaqVu7HGKf27frdmUYEs9hTUX/cLQ==}
    dev: true

  /jiti/2.4.2:
    resolution: {integrity: sha512-rg9zJN+G4n2nfJl5MW3BMygZX56zKPNVEYYqq7adpmMh4Jn2QNEwhvQlFy6jPVdcod7txZtKHWnyZiA3a0zP7A==}
    hasBin: true
    dev: true

  /prettier/3.5.3:
    resolution: {integrity: sha512-QQtaxnoDJeAkDvDKWCLiwIXkTgRhwYDEQCghU9Z6q03iyek/rxRh/2lC3HB7P8sWT2xC/y5JDctPLBIGzHKbhw==}
    engines: {node: '>=14'}
    hasBin: true
    dev: true

  /react-dom/19.1.0_react@19.1.0:
    resolution: {integrity: sha512-Xs1hdnE+DyKgeHJeJznQmYMIBG3TKIHJJT95Q58nHLSrElKlGQqDTR2HQ9fx5CN/Gk6Vh/kupBTDLU11/nDk/g==}
    peerDependencies:
      react: ^19.1.0
    dependencies:
      react: 19.1.0
      scheduler: 0.26.0
    dev: false

  /react-refresh/0.17.0:
    resolution: {integrity: sha512-z6F7K9bV85EfseRCp2bzrpyQ0Gkw1uLoCel9XBVWPg/TjRj94SkJzUTGfOa4bs7iJvBWtQG0Wq7wnI0syw3EBQ==}
    engines: {node: '>=0.10.0'}
    dev: true

  /react/19.1.0:
    resolution: {integrity: sha512-FS+XFBNvn3GTAWq26joslQgWNoFu08F4kl0J4CgdNKADkdSGXQyTCnKteIAJy96Br6YbpEU1LSzV5dYtjMkMDg==}
    engines: {node: '>=0.10.0'}
    dev: false

  /scheduler/0.26.0:
    resolution: {integrity: sha512-NlHwttCI/l5gCPR3D1nNXtWABUmBwvZpEQiD4IXSbIDq8BzLIK/7Ir5gTFSGZDUu37K5cMNp0hFtzO38sC7gWA==}
    dev: false

  /stackframe/1.3.4:
    resolution: {integrity: sha512-oeVtt7eWQS+Na6F//S4kJ2K2VbRlS9D43mAlMyVpVWovy9o+jfgH8O9agzANzaiLjclA0oYzUXEM4PurhSUChw==}
    dev: true

  /tslib/2.8.1:
    resolution: {integrity: sha512-oJFu94HQb+KVduSUQL7wnpmqnfmLsOA/nAh6b6EH0wCEoK0/mPeXU6c3wKDV83MkOuHPRHtSXKKU99IBazS/2w==}
    dev: true

  /typescript/5.8.3:
    resolution: {integrity: sha512-p1diW6TqL9L07nNxvRMM7hMMw4c5XOo/1ibL4aAIGmSAt9slTE1Xgw5KWuof2uTOvCg9BY7ZRi+GaF+7sfgPeQ==}
    engines: {node: '>=14.17'}
    hasBin: true
    dev: true
